
Microsoft Visual Studio Solution File, Format Version 12.00
# Visual Studio 15
VisualStudioVersion = 15.0.27703.2018
MinimumVisualStudioVersion = 10.0.40219.1
Project("{FAE04EC0-301F-11D3-BF4B-00C04F79EFBC}") = "MKRepository", "MKRepository\MKRepository.csproj", "{BFD0C55A-7B52-430B-8166-DCF0ED4A5CDE}"
EndProject
Global
	GlobalSection(SolutionConfigurationPlatforms) = preSolution
		Debug|Any CPU = Debug|Any CPU
		Release|Any CPU = Release|Any CPU
	EndGlobalSection
	GlobalSection(ProjectConfigurationPlatforms) = postSolution
		{BFD0C55A-7B52-430B-8166-DCF0ED4A5CDE}.Debug|Any CPU.ActiveCfg = Debug|Any CPU
		{BFD0C55A-7B52-430B-8166-DCF0ED4A5CDE}.Debug|Any CPU.Build.0 = Debug|Any CPU
		{BFD0C55A-7B52-430B-8166-DCF0ED4A5CDE}.Release|Any CPU.ActiveCfg = Release|Any CPU
		{BFD0C55A-7B52-430B-8166-DCF0ED4A5CDE}.Release|Any CPU.Build.0 = Release|Any CPU
	EndGlobalSection
	GlobalSection(SolutionProperties) = preSolution
		HideSolutionNode = FALSE
	EndGlobalSection
	GlobalSection(ExtensibilityGlobals) = postSolution
		SolutionGuid = {16659ABD-2375-442B-BB1F-70531A554519}
	EndGlobalSection
EndGlobal
